// !$*UTF8*$!
{
	archiveVersion = 1;
	classes = {
	};
	objectVersion = 51;
	objects = {

/* Begin PBXBuildFile section */
		66FC166EBB573B839B56458F /* Pods_RecipeSearchApp.framework in Frameworks */ = {isa = PBXBuildFile; fileRef = CFEA441859BC1A6F0734AD6A /* Pods_RecipeSearchApp.framework */; };
		AE2630C9246983D700DF1926 /* MenuController.swift in Sources */ = {isa = PBXBuildFile; fileRef = AE2630C8246983D700DF1926 /* MenuController.swift */; };
		AE2630CB2469845200DF1926 /* MainCollectionCell.swift in Sources */ = {isa = PBXBuildFile; fileRef = AE2630CA2469845200DF1926 /* MainCollectionCell.swift */; };
		AE2630CD2469895E00DF1926 /* FavoriteController.swift in Sources */ = {isa = PBXBuildFile; fileRef = AE2630CC2469895E00DF1926 /* FavoriteController.swift */; };
		AE2630CF246AA95100DF1926 /* MenuViewModel.swift in Sources */ = {isa = PBXBuildFile; fileRef = AE2630CE246AA95100DF1926 /* MenuViewModel.swift */; };
		AE360A6A246410CF00091C0E /* AppDelegate.swift in Sources */ = {isa = PBXBuildFile; fileRef = AE360A69246410CF00091C0E /* AppDelegate.swift */; };
		AE360A6C246410CF00091C0E /* SceneDelegate.swift in Sources */ = {isa = PBXBuildFile; fileRef = AE360A6B246410CF00091C0E /* SceneDelegate.swift */; };
		AE360A6E246410CF00091C0E /* ViewController.swift in Sources */ = {isa = PBXBuildFile; fileRef = AE360A6D246410CF00091C0E /* ViewController.swift */; };
		AE360A71246410CF00091C0E /* Main.storyboard in Resources */ = {isa = PBXBuildFile; fileRef = AE360A6F246410CF00091C0E /* Main.storyboard */; };
		AE360A73246410D000091C0E /* Assets.xcassets in Resources */ = {isa = PBXBuildFile; fileRef = AE360A72246410D000091C0E /* Assets.xcassets */; };
		AE360A76246410D000091C0E /* LaunchScreen.storyboard in Resources */ = {isa = PBXBuildFile; fileRef = AE360A74246410D000091C0E /* LaunchScreen.storyboard */; };
		AE84C95C246D7EE200F7166B /* UILabel+Extension.swift in Sources */ = {isa = PBXBuildFile; fileRef = AE84C95B246D7EE200F7166B /* UILabel+Extension.swift */; };
		AE84C95E246D822E00F7166B /* UITextView+Extension.swift in Sources */ = {isa = PBXBuildFile; fileRef = AE84C95D246D822E00F7166B /* UITextView+Extension.swift */; };
		AEC95317246866B20068B6EE /* MainTabbar.swift in Sources */ = {isa = PBXBuildFile; fileRef = AEC95316246866B20068B6EE /* MainTabbar.swift */; };
		AECBCEA22464758600D501EE /* SearchController.swift in Sources */ = {isa = PBXBuildFile; fileRef = AECBCEA12464758600D501EE /* SearchController.swift */; };
		AECBCEA524647BA700D501EE /* SearchCell.swift in Sources */ = {isa = PBXBuildFile; fileRef = AECBCEA424647BA700D501EE /* SearchCell.swift */; };
		AECBCEA724647D7200D501EE /* UIView+Extension.swift in Sources */ = {isa = PBXBuildFile; fileRef = AECBCEA624647D7200D501EE /* UIView+Extension.swift */; };
		AECBCEA924648AEC00D501EE /* RecipeNetworking.swift in Sources */ = {isa = PBXBuildFile; fileRef = AECBCEA824648AEC00D501EE /* RecipeNetworking.swift */; };
		AECBCEAB24648E4C00D501EE /* NetworkProperties.swift in Sources */ = {isa = PBXBuildFile; fileRef = AECBCEAA24648E4C00D501EE /* NetworkProperties.swift */; };
		AECBCEAD2464903D00D501EE /* RecipeService.swift in Sources */ = {isa = PBXBuildFile; fileRef = AECBCEAC2464903D00D501EE /* RecipeService.swift */; };
		AECBCEAF2464909100D501EE /* NetworkService.swift in Sources */ = {isa = PBXBuildFile; fileRef = AECBCEAE2464909100D501EE /* NetworkService.swift */; };
		AECBCEB12465524500D501EE /* Recipe.swift in Sources */ = {isa = PBXBuildFile; fileRef = AECBCEB02465524500D501EE /* Recipe.swift */; };
		AECBCEB72465B4C400D501EE /* SearchViewModel.swift in Sources */ = {isa = PBXBuildFile; fileRef = AECBCEB62465B4C400D501EE /* SearchViewModel.swift */; };
		AECBCEBA2465B58200D501EE /* TableViewDataSource.swift in Sources */ = {isa = PBXBuildFile; fileRef = AECBCEB92465B58200D501EE /* TableViewDataSource.swift */; };
		AEFBBD7724670CA300FF22C5 /* DetailController.swift in Sources */ = {isa = PBXBuildFile; fileRef = AEFBBD7624670CA300FF22C5 /* DetailController.swift */; };
		AEFBBD7924670F7B00FF22C5 /* DetailView.swift in Sources */ = {isa = PBXBuildFile; fileRef = AEFBBD7824670F7B00FF22C5 /* DetailView.swift */; };
/* End PBXBuildFile section */

/* Begin PBXFileReference section */
		0FBD97659229AC8288B388A3 /* Pods-RecipeSearchApp.release.xcconfig */ = {isa = PBXFileReference; includeInIndex = 1; lastKnownFileType = text.xcconfig; name = "Pods-RecipeSearchApp.release.xcconfig"; path = "Target Support Files/Pods-RecipeSearchApp/Pods-RecipeSearchApp.release.xcconfig"; sourceTree = "<group>"; };
		AE2630C8246983D700DF1926 /* MenuController.swift */ = {isa = PBXFileReference; lastKnownFileType = sourcecode.swift; path = MenuController.swift; sourceTree = "<group>"; };
		AE2630CA2469845200DF1926 /* MainCollectionCell.swift */ = {isa = PBXFileReference; lastKnownFileType = sourcecode.swift; path = MainCollectionCell.swift; sourceTree = "<group>"; };
		AE2630CC2469895E00DF1926 /* FavoriteController.swift */ = {isa = PBXFileReference; lastKnownFileType = sourcecode.swift; path = FavoriteController.swift; sourceTree = "<group>"; };
		AE2630CE246AA95100DF1926 /* MenuViewModel.swift */ = {isa = PBXFileReference; lastKnownFileType = sourcecode.swift; path = MenuViewModel.swift; sourceTree = "<group>"; };
		AE360A66246410CF00091C0E /* RecipeSearchApp.app */ = {isa = PBXFileReference; explicitFileType = wrapper.application; includeInIndex = 0; path = RecipeSearchApp.app; sourceTree = BUILT_PRODUCTS_DIR; };
		AE360A69246410CF00091C0E /* AppDelegate.swift */ = {isa = PBXFileReference; lastKnownFileType = sourcecode.swift; path = AppDelegate.swift; sourceTree = "<group>"; };
		AE360A6B246410CF00091C0E /* SceneDelegate.swift */ = {isa = PBXFileReference; lastKnownFileType = sourcecode.swift; path = SceneDelegate.swift; sourceTree = "<group>"; };
		AE360A6D246410CF00091C0E /* ViewController.swift */ = {isa = PBXFileReference; lastKnownFileType = sourcecode.swift; path = ViewController.swift; sourceTree = "<group>"; };
		AE360A70246410CF00091C0E /* Base */ = {isa = PBXFileReference; lastKnownFileType = file.storyboard; name = Base; path = Base.lproj/Main.storyboard; sourceTree = "<group>"; };
		AE360A72246410D000091C0E /* Assets.xcassets */ = {isa = PBXFileReference; lastKnownFileType = folder.assetcatalog; path = Assets.xcassets; sourceTree = "<group>"; };
		AE360A75246410D000091C0E /* Base */ = {isa = PBXFileReference; lastKnownFileType = file.storyboard; name = Base; path = Base.lproj/LaunchScreen.storyboard; sourceTree = "<group>"; };
		AE360A77246410D000091C0E /* Info.plist */ = {isa = PBXFileReference; lastKnownFileType = text.plist.xml; path = Info.plist; sourceTree = "<group>"; };
		AE84C95B246D7EE200F7166B /* UILabel+Extension.swift */ = {isa = PBXFileReference; lastKnownFileType = sourcecode.swift; path = "UILabel+Extension.swift"; sourceTree = "<group>"; };
		AE84C95D246D822E00F7166B /* UITextView+Extension.swift */ = {isa = PBXFileReference; lastKnownFileType = sourcecode.swift; path = "UITextView+Extension.swift"; sourceTree = "<group>"; };
		AEC95316246866B20068B6EE /* MainTabbar.swift */ = {isa = PBXFileReference; lastKnownFileType = sourcecode.swift; path = MainTabbar.swift; sourceTree = "<group>"; };
		AECBCEA12464758600D501EE /* SearchController.swift */ = {isa = PBXFileReference; lastKnownFileType = sourcecode.swift; path = SearchController.swift; sourceTree = "<group>"; };
		AECBCEA424647BA700D501EE /* SearchCell.swift */ = {isa = PBXFileReference; lastKnownFileType = sourcecode.swift; path = SearchCell.swift; sourceTree = "<group>"; };
		AECBCEA624647D7200D501EE /* UIView+Extension.swift */ = {isa = PBXFileReference; lastKnownFileType = sourcecode.swift; path = "UIView+Extension.swift"; sourceTree = "<group>"; };
		AECBCEA824648AEC00D501EE /* RecipeNetworking.swift */ = {isa = PBXFileReference; lastKnownFileType = sourcecode.swift; path = RecipeNetworking.swift; sourceTree = "<group>"; };
		AECBCEAA24648E4C00D501EE /* NetworkProperties.swift */ = {isa = PBXFileReference; lastKnownFileType = sourcecode.swift; path = NetworkProperties.swift; sourceTree = "<group>"; };
		AECBCEAC2464903D00D501EE /* RecipeService.swift */ = {isa = PBXFileReference; lastKnownFileType = sourcecode.swift; path = RecipeService.swift; sourceTree = "<group>"; };
		AECBCEAE2464909100D501EE /* NetworkService.swift */ = {isa = PBXFileReference; lastKnownFileType = sourcecode.swift; path = NetworkService.swift; sourceTree = "<group>"; };
		AECBCEB02465524500D501EE /* Recipe.swift */ = {isa = PBXFileReference; lastKnownFileType = sourcecode.swift; path = Recipe.swift; sourceTree = "<group>"; };
		AECBCEB62465B4C400D501EE /* SearchViewModel.swift */ = {isa = PBXFileReference; lastKnownFileType = sourcecode.swift; path = SearchViewModel.swift; sourceTree = "<group>"; };
		AECBCEB92465B58200D501EE /* TableViewDataSource.swift */ = {isa = PBXFileReference; lastKnownFileType = sourcecode.swift; path = TableViewDataSource.swift; sourceTree = "<group>"; };
		AEFBBD7624670CA300FF22C5 /* DetailController.swift */ = {isa = PBXFileReference; lastKnownFileType = sourcecode.swift; path = DetailController.swift; sourceTree = "<group>"; };
		AEFBBD7824670F7B00FF22C5 /* DetailView.swift */ = {isa = PBXFileReference; lastKnownFileType = sourcecode.swift; path = DetailView.swift; sourceTree = "<group>"; };
		CFEA441859BC1A6F0734AD6A /* Pods_RecipeSearchApp.framework */ = {isa = PBXFileReference; explicitFileType = wrapper.framework; includeInIndex = 0; path = Pods_RecipeSearchApp.framework; sourceTree = BUILT_PRODUCTS_DIR; };
		F8B1E19C3AA58B0FFC229CA6 /* Pods-RecipeSearchApp.debug.xcconfig */ = {isa = PBXFileReference; includeInIndex = 1; lastKnownFileType = text.xcconfig; name = "Pods-RecipeSearchApp.debug.xcconfig"; path = "Target Support Files/Pods-RecipeSearchApp/Pods-RecipeSearchApp.debug.xcconfig"; sourceTree = "<group>"; };
/* End PBXFileReference section */

/* Begin PBXFrameworksBuildPhase section */
		AE360A63246410CF00091C0E /* Frameworks */ = {
			isa = PBXFrameworksBuildPhase;
			buildActionMask = 2147483647;
			files = (
				66FC166EBB573B839B56458F /* Pods_RecipeSearchApp.framework in Frameworks */,
			);
			runOnlyForDeploymentPostprocessing = 0;
		};
/* End PBXFrameworksBuildPhase section */

/* Begin PBXGroup section */
		33CF43D09E0379091534FF1A /* Pods */ = {
			isa = PBXGroup;
			children = (
				F8B1E19C3AA58B0FFC229CA6 /* Pods-RecipeSearchApp.debug.xcconfig */,
				0FBD97659229AC8288B388A3 /* Pods-RecipeSearchApp.release.xcconfig */,
			);
			path = Pods;
			sourceTree = "<group>";
		};
		8B40A2C224DF3863A74688F8 /* Frameworks */ = {
			isa = PBXGroup;
			children = (
				CFEA441859BC1A6F0734AD6A /* Pods_RecipeSearchApp.framework */,
			);
			name = Frameworks;
			sourceTree = "<group>";
		};
		AE360A5D246410CF00091C0E = {
			isa = PBXGroup;
			children = (
				AE360A68246410CF00091C0E /* RecipeSearchApp */,
				AE360A67246410CF00091C0E /* Products */,
				33CF43D09E0379091534FF1A /* Pods */,
				8B40A2C224DF3863A74688F8 /* Frameworks */,
			);
			sourceTree = "<group>";
		};
		AE360A67246410CF00091C0E /* Products */ = {
			isa = PBXGroup;
			children = (
				AE360A66246410CF00091C0E /* RecipeSearchApp.app */,
			);
			name = Products;
			sourceTree = "<group>";
		};
		AE360A68246410CF00091C0E /* RecipeSearchApp */ = {
			isa = PBXGroup;
			children = (
				AE360A81246411EF00091C0E /* Modules */,
				AE360A80246411DB00091C0E /* Extension */,
				AE360A7F246411B700091C0E /* Protocols */,
				AE360A7E2464119800091C0E /* Common */,
				AE360A7D2464119000091C0E /* Service */,
				AE360A69246410CF00091C0E /* AppDelegate.swift */,
				AE360A6B246410CF00091C0E /* SceneDelegate.swift */,
				AE360A6D246410CF00091C0E /* ViewController.swift */,
				AE360A6F246410CF00091C0E /* Main.storyboard */,
				AE360A72246410D000091C0E /* Assets.xcassets */,
				AE360A74246410D000091C0E /* LaunchScreen.storyboard */,
				AE360A77246410D000091C0E /* Info.plist */,
			);
			path = RecipeSearchApp;
			sourceTree = "<group>";
		};
		AE360A7D2464119000091C0E /* Service */ = {
			isa = PBXGroup;
			children = (
				AECBCEB82465B56300D501EE /* Networking */,
				AECBCEB92465B58200D501EE /* TableViewDataSource.swift */,
			);
			path = Service;
			sourceTree = "<group>";
		};
		AE360A7E2464119800091C0E /* Common */ = {
			isa = PBXGroup;
			children = (
				AEFBBD702467085100FF22C5 /* TabBarController */,
			);
			path = Common;
			sourceTree = "<group>";
		};
		AE360A7F246411B700091C0E /* Protocols */ = {
			isa = PBXGroup;
			children = (
			);
			path = Protocols;
			sourceTree = "<group>";
		};
		AE360A80246411DB00091C0E /* Extension */ = {
			isa = PBXGroup;
			children = (
				AECBCEA624647D7200D501EE /* UIView+Extension.swift */,
				AE84C95B246D7EE200F7166B /* UILabel+Extension.swift */,
				AE84C95D246D822E00F7166B /* UITextView+Extension.swift */,
			);
			path = Extension;
			sourceTree = "<group>";
		};
		AE360A81246411EF00091C0E /* Modules */ = {
			isa = PBXGroup;
			children = (
				AE360A852464121000091C0E /* Model */,
				AE360A842464120B00091C0E /* View */,
				AE360A832464120100091C0E /* ViewModel */,
				AE360A82246411F600091C0E /* Controller */,
			);
			path = Modules;
			sourceTree = "<group>";
		};
		AE360A82246411F600091C0E /* Controller */ = {
			isa = PBXGroup;
			children = (
				AECBCEA12464758600D501EE /* SearchController.swift */,
				AEFBBD7624670CA300FF22C5 /* DetailController.swift */,
				AE2630C8246983D700DF1926 /* MenuController.swift */,
				AE2630CC2469895E00DF1926 /* FavoriteController.swift */,
			);
			path = Controller;
			sourceTree = "<group>";
		};
		AE360A832464120100091C0E /* ViewModel */ = {
			isa = PBXGroup;
			children = (
				AECBCEB62465B4C400D501EE /* SearchViewModel.swift */,
				AE2630CE246AA95100DF1926 /* MenuViewModel.swift */,
			);
			path = ViewModel;
			sourceTree = "<group>";
		};
		AE360A842464120B00091C0E /* View */ = {
			isa = PBXGroup;
			children = (
				AECBCEA324647B7A00D501EE /* Cells */,
				AEFBBD7824670F7B00FF22C5 /* DetailView.swift */,
			);
			path = View;
			sourceTree = "<group>";
		};
		AE360A852464121000091C0E /* Model */ = {
			isa = PBXGroup;
			children = (
				AECBCEB02465524500D501EE /* Recipe.swift */,
			);
			path = Model;
			sourceTree = "<group>";
		};
		AECBCEA324647B7A00D501EE /* Cells */ = {
			isa = PBXGroup;
			children = (
				AECBCEA424647BA700D501EE /* SearchCell.swift */,
				AE2630CA2469845200DF1926 /* MainCollectionCell.swift */,
			);
			path = Cells;
			sourceTree = "<group>";
		};
		AECBCEB82465B56300D501EE /* Networking */ = {
			isa = PBXGroup;
			children = (
				AECBCEAA24648E4C00D501EE /* NetworkProperties.swift */,
				AECBCEA824648AEC00D501EE /* RecipeNetworking.swift */,
				AECBCEAC2464903D00D501EE /* RecipeService.swift */,
				AECBCEAE2464909100D501EE /* NetworkService.swift */,
			);
			path = Networking;
			sourceTree = "<group>";
		};
		AEFBBD702467085100FF22C5 /* TabBarController */ = {
			isa = PBXGroup;
			children = (
				AEC95316246866B20068B6EE /* MainTabbar.swift */,
			);
			path = TabBarController;
			sourceTree = "<group>";
		};
/* End PBXGroup section */

/* Begin PBXNativeTarget section */
		AE360A65246410CF00091C0E /* RecipeSearchApp */ = {
			isa = PBXNativeTarget;
			buildConfigurationList = AE360A7A246410D000091C0E /* Build configuration list for PBXNativeTarget "RecipeSearchApp" */;
			buildPhases = (
				A56FB55318641584C36F9CA2 /* [CP] Check Pods Manifest.lock */,
				AE360A62246410CF00091C0E /* Sources */,
				AE360A63246410CF00091C0E /* Frameworks */,
				AE360A64246410CF00091C0E /* Resources */,
				C98C9B66F4AAE60AB5A2FC70 /* [CP] Embed Pods Frameworks */,
			);
			buildRules = (
			);
			dependencies = (
			);
			name = RecipeSearchApp;
			productName = RecipeSearchApp;
			productReference = AE360A66246410CF00091C0E /* RecipeSearchApp.app */;
			productType = "com.apple.product-type.application";
		};
/* End PBXNativeTarget section */

/* Begin PBXProject section */
		AE360A5E246410CF00091C0E /* Project object */ = {
			isa = PBXProject;
			attributes = {
				LastSwiftUpdateCheck = 1130;
				LastUpgradeCheck = 1130;
				ORGANIZATIONNAME = rau4o;
				TargetAttributes = {
					AE360A65246410CF00091C0E = {
						CreatedOnToolsVersion = 11.3.1;
					};
				};
			};
			buildConfigurationList = AE360A61246410CF00091C0E /* Build configuration list for PBXProject "RecipeSearchApp" */;
			compatibilityVersion = "Xcode 9.3";
			developmentRegion = en;
			hasScannedForEncodings = 0;
			knownRegions = (
				en,
				Base,
			);
			mainGroup = AE360A5D246410CF00091C0E;
			productRefGroup = AE360A67246410CF00091C0E /* Products */;
			projectDirPath = "";
			projectRoot = "";
			targets = (
				AE360A65246410CF00091C0E /* RecipeSearchApp */,
			);
		};
/* End PBXProject section */

/* Begin PBXResourcesBuildPhase section */
		AE360A64246410CF00091C0E /* Resources */ = {
			isa = PBXResourcesBuildPhase;
			buildActionMask = 2147483647;
			files = (
				AE360A76246410D000091C0E /* LaunchScreen.storyboard in Resources */,
				AE360A73246410D000091C0E /* Assets.xcassets in Resources */,
				AE360A71246410CF00091C0E /* Main.storyboard in Resources */,
			);
			runOnlyForDeploymentPostprocessing = 0;
		};
/* End PBXResourcesBuildPhase section */

/* Begin PBXShellScriptBuildPhase section */
		A56FB55318641584C36F9CA2 /* [CP] Check Pods Manifest.lock */ = {
			isa = PBXShellScriptBuildPhase;
			buildActionMask = 2147483647;
			files = (
			);
			inputFileListPaths = (
			);
			inputPaths = (
				"${PODS_PODFILE_DIR_PATH}/Podfile.lock",
				"${PODS_ROOT}/Manifest.lock",
			);
			name = "[CP] Check Pods Manifest.lock";
			outputFileListPaths = (
			);
			outputPaths = (
				"$(DERIVED_FILE_DIR)/Pods-RecipeSearchApp-checkManifestLockResult.txt",
			);
			runOnlyForDeploymentPostprocessing = 0;
			shellPath = /bin/sh;
			shellScript = "diff \"${PODS_PODFILE_DIR_PATH}/Podfile.lock\" \"${PODS_ROOT}/Manifest.lock\" > /dev/null\nif [ $? != 0 ] ; then\n    # print error to STDERR\n    echo \"error: The sandbox is not in sync with the Podfile.lock. Run 'pod install' or update your CocoaPods installation.\" >&2\n    exit 1\nfi\n# This output is used by Xcode 'outputs' to avoid re-running this script phase.\necho \"SUCCESS\" > \"${SCRIPT_OUTPUT_FILE_0}\"\n";
			showEnvVarsInLog = 0;
		};
		C98C9B66F4AAE60AB5A2FC70 /* [CP] Embed Pods Frameworks */ = {
			isa = PBXShellScriptBuildPhase;
			buildActionMask = 2147483647;
			files = (
			);
			inputFileListPaths = (
				"${PODS_ROOT}/Target Support Files/Pods-RecipeSearchApp/Pods-RecipeSearchApp-frameworks-${CONFIGURATION}-input-files.xcfilelist",
			);
			name = "[CP] Embed Pods Frameworks";
			outputFileListPaths = (
				"${PODS_ROOT}/Target Support Files/Pods-RecipeSearchApp/Pods-RecipeSearchApp-frameworks-${CONFIGURATION}-output-files.xcfilelist",
			);
			runOnlyForDeploymentPostprocessing = 0;
			shellPath = /bin/sh;
			shellScript = "\"${PODS_ROOT}/Target Support Files/Pods-RecipeSearchApp/Pods-RecipeSearchApp-frameworks.sh\"\n";
			showEnvVarsInLog = 0;
		};
/* End PBXShellScriptBuildPhase section */

/* Begin PBXSourcesBuildPhase section */
		AE360A62246410CF00091C0E /* Sources */ = {
			isa = PBXSourcesBuildPhase;
			buildActionMask = 2147483647;
			files = (
				AECBCEAF2464909100D501EE /* NetworkService.swift in Sources */,
				AE2630C9246983D700DF1926 /* MenuController.swift in Sources */,
				AECBCEA724647D7200D501EE /* UIView+Extension.swift in Sources */,
				AE2630CF246AA95100DF1926 /* MenuViewModel.swift in Sources */,
				AECBCEAB24648E4C00D501EE /* NetworkProperties.swift in Sources */,
				AE2630CB2469845200DF1926 /* MainCollectionCell.swift in Sources */,
				AECBCEA924648AEC00D501EE /* RecipeNetworking.swift in Sources */,
				AE360A6E246410CF00091C0E /* ViewController.swift in Sources */,
				AECBCEAD2464903D00D501EE /* RecipeService.swift in Sources */,
				AECBCEB72465B4C400D501EE /* SearchViewModel.swift in Sources */,
				AEC95317246866B20068B6EE /* MainTabbar.swift in Sources */,
				AECBCEA524647BA700D501EE /* SearchCell.swift in Sources */,
				AE360A6A246410CF00091C0E /* AppDelegate.swift in Sources */,
				AE84C95E246D822E00F7166B /* UITextView+Extension.swift in Sources */,
				AEFBBD7924670F7B00FF22C5 /* DetailView.swift in Sources */,
				AE360A6C246410CF00091C0E /* SceneDelegate.swift in Sources */,
				AE2630CD2469895E00DF1926 /* FavoriteController.swift in Sources */,
				AECBCEBA2465B58200D501EE /* TableViewDataSource.swift in Sources */,
				AE84C95C246D7EE200F7166B /* UILabel+Extension.swift in Sources */,
				AECBCEA22464758600D501EE /* SearchController.swift in Sources */,
				AEFBBD7724670CA300FF22C5 /* DetailController.swift in Sources */,
				AECBCEB12465524500D501EE /* Recipe.swift in Sources */,
			);
			runOnlyForDeploymentPostprocessing = 0;
		};
/* End PBXSourcesBuildPhase section */

/* Begin PBXVariantGroup section */
		AE360A6F246410CF00091C0E /* Main.storyboard */ = {
			isa = PBXVariantGroup;
			children = (
				AE360A70246410CF00091C0E /* Base */,
			);
			name = Main.storyboard;
			sourceTree = "<group>";
		};
		AE360A74246410D000091C0E /* LaunchScreen.storyboard */ = {
			isa = PBXVariantGroup;
			children = (
				AE360A75246410D000091C0E /* Base */,
			);
			name = LaunchScreen.storyboard;
			sourceTree = "<group>";
		};
/* End PBXVariantGroup section */

/* Begin XCBuildConfiguration section */
		AE360A78246410D000091C0E /* Debug */ = {
			isa = XCBuildConfiguration;
			buildSettings = {
				ALWAYS_SEARCH_USER_PATHS = NO;
				CLANG_ANALYZER_NONNULL = YES;
				CLANG_ANALYZER_NUMBER_OBJECT_CONVERSION = YES_AGGRESSIVE;
				CLANG_CXX_LANGUAGE_STANDARD = "gnu++14";
				CLANG_CXX_LIBRARY = "libc++";
				CLANG_ENABLE_MODULES = YES;
				CLANG_ENABLE_OBJC_ARC = YES;
				CLANG_ENABLE_OBJC_WEAK = YES;
				CLANG_WARN_BLOCK_CAPTURE_AUTORELEASING = YES;
				CLANG_WARN_BOOL_CONVERSION = YES;
				CLANG_WARN_COMMA = YES;
				CLANG_WARN_CONSTANT_CONVERSION = YES;
				CLANG_WARN_DEPRECATED_OBJC_IMPLEMENTATIONS = YES;
				CLANG_WARN_DIRECT_OBJC_ISA_USAGE = YES_ERROR;
				CLANG_WARN_DOCUMENTATION_COMMENTS = YES;
				CLANG_WARN_EMPTY_BODY = YES;
				CLANG_WARN_ENUM_CONVERSION = YES;
				CLANG_WARN_INFINITE_RECURSION = YES;
				CLANG_WARN_INT_CONVERSION = YES;
				CLANG_WARN_NON_LITERAL_NULL_CONVERSION = YES;
				CLANG_WARN_OBJC_IMPLICIT_RETAIN_SELF = YES;
				CLANG_WARN_OBJC_LITERAL_CONVERSION = YES;
				CLANG_WARN_OBJC_ROOT_CLASS = YES_ERROR;
				CLANG_WARN_RANGE_LOOP_ANALYSIS = YES;
				CLANG_WARN_STRICT_PROTOTYPES = YES;
				CLANG_WARN_SUSPICIOUS_MOVE = YES;
				CLANG_WARN_UNGUARDED_AVAILABILITY = YES_AGGRESSIVE;
				CLANG_WARN_UNREACHABLE_CODE = YES;
				CLANG_WARN__DUPLICATE_METHOD_MATCH = YES;
				COPY_PHASE_STRIP = NO;
				DEBUG_INFORMATION_FORMAT = dwarf;
				ENABLE_STRICT_OBJC_MSGSEND = YES;
				ENABLE_TESTABILITY = YES;
				GCC_C_LANGUAGE_STANDARD = gnu11;
				GCC_DYNAMIC_NO_PIC = NO;
				GCC_NO_COMMON_BLOCKS = YES;
				GCC_OPTIMIZATION_LEVEL = 0;
				GCC_PREPROCESSOR_DEFINITIONS = (
					"DEBUG=1",
					"$(inherited)",
				);
				GCC_WARN_64_TO_32_BIT_CONVERSION = YES;
				GCC_WARN_ABOUT_RETURN_TYPE = YES_ERROR;
				GCC_WARN_UNDECLARED_SELECTOR = YES;
				GCC_WARN_UNINITIALIZED_AUTOS = YES_AGGRESSIVE;
				GCC_WARN_UNUSED_FUNCTION = YES;
				GCC_WARN_UNUSED_VARIABLE = YES;
				IPHONEOS_DEPLOYMENT_TARGET = 13.2;
				MTL_ENABLE_DEBUG_INFO = INCLUDE_SOURCE;
				MTL_FAST_MATH = YES;
				ONLY_ACTIVE_ARCH = YES;
				SDKROOT = iphoneos;
				SWIFT_ACTIVE_COMPILATION_CONDITIONS = DEBUG;
				SWIFT_OPTIMIZATION_LEVEL = "-Onone";
			};
			name = Debug;
		};
		AE360A79246410D000091C0E /* Release */ = {
			isa = XCBuildConfiguration;
			buildSettings = {
				ALWAYS_SEARCH_USER_PATHS = NO;
				CLANG_ANALYZER_NONNULL = YES;
				CLANG_ANALYZER_NUMBER_OBJECT_CONVERSION = YES_AGGRESSIVE;
				CLANG_CXX_LANGUAGE_STANDARD = "gnu++14";
				CLANG_CXX_LIBRARY = "libc++";
				CLANG_ENABLE_MODULES = YES;
				CLANG_ENABLE_OBJC_ARC = YES;
				CLANG_ENABLE_OBJC_WEAK = YES;
				CLANG_WARN_BLOCK_CAPTURE_AUTORELEASING = YES;
				CLANG_WARN_BOOL_CONVERSION = YES;
				CLANG_WARN_COMMA = YES;
				CLANG_WARN_CONSTANT_CONVERSION = YES;
				CLANG_WARN_DEPRECATED_OBJC_IMPLEMENTATIONS = YES;
				CLANG_WARN_DIRECT_OBJC_ISA_USAGE = YES_ERROR;
				CLANG_WARN_DOCUMENTATION_COMMENTS = YES;
				CLANG_WARN_EMPTY_BODY = YES;
				CLANG_WARN_ENUM_CONVERSION = YES;
				CLANG_WARN_INFINITE_RECURSION = YES;
				CLANG_WARN_INT_CONVERSION = YES;
				CLANG_WARN_NON_LITERAL_NULL_CONVERSION = YES;
				CLANG_WARN_OBJC_IMPLICIT_RETAIN_SELF = YES;
				CLANG_WARN_OBJC_LITERAL_CONVERSION = YES;
				CLANG_WARN_OBJC_ROOT_CLASS = YES_ERROR;
				CLANG_WARN_RANGE_LOOP_ANALYSIS = YES;
				CLANG_WARN_STRICT_PROTOTYPES = YES;
				CLANG_WARN_SUSPICIOUS_MOVE = YES;
				CLANG_WARN_UNGUARDED_AVAILABILITY = YES_AGGRESSIVE;
				CLANG_WARN_UNREACHABLE_CODE = YES;
				CLANG_WARN__DUPLICATE_METHOD_MATCH = YES;
				COPY_PHASE_STRIP = NO;
				DEBUG_INFORMATION_FORMAT = "dwarf-with-dsym";
				ENABLE_NS_ASSERTIONS = NO;
				ENABLE_STRICT_OBJC_MSGSEND = YES;
				GCC_C_LANGUAGE_STANDARD = gnu11;
				GCC_NO_COMMON_BLOCKS = YES;
				GCC_WARN_64_TO_32_BIT_CONVERSION = YES;
				GCC_WARN_ABOUT_RETURN_TYPE = YES_ERROR;
				GCC_WARN_UNDECLARED_SELECTOR = YES;
				GCC_WARN_UNINITIALIZED_AUTOS = YES_AGGRESSIVE;
				GCC_WARN_UNUSED_FUNCTION = YES;
				GCC_WARN_UNUSED_VARIABLE = YES;
				IPHONEOS_DEPLOYMENT_TARGET = 13.2;
				MTL_ENABLE_DEBUG_INFO = NO;
				MTL_FAST_MATH = YES;
				SDKROOT = iphoneos;
				SWIFT_COMPILATION_MODE = wholemodule;
				SWIFT_OPTIMIZATION_LEVEL = "-O";
				VALIDATE_PRODUCT = YES;
			};
			name = Release;
		};
		AE360A7B246410D000091C0E /* Debug */ = {
			isa = XCBuildConfiguration;
			baseConfigurationReference = F8B1E19C3AA58B0FFC229CA6 /* Pods-RecipeSearchApp.debug.xcconfig */;
			buildSettings = {
				ASSETCATALOG_COMPILER_APPICON_NAME = AppIcon;
				CODE_SIGN_STYLE = Automatic;
				DEVELOPMENT_TEAM = FATE3AU2ZJ;
				INFOPLIST_FILE = RecipeSearchApp/Info.plist;
				LD_RUNPATH_SEARCH_PATHS = (
					"$(inherited)",
					"@executable_path/Frameworks",
				);
				PRODUCT_BUNDLE_IDENTIFIER = APS.RecipeSearchApp;
				PRODUCT_NAME = "$(TARGET_NAME)";
				SWIFT_VERSION = 4.2;
				TARGETED_DEVICE_FAMILY = "1,2";
			};
			name = Debug;
		};
		AE360A7C246410D000091C0E /* Release */ = {
			isa = XCBuildConfiguration;
			baseConfigurationReference = 0FBD97659229AC8288B388A3 /* Pods-RecipeSearchApp.release.xcconfig */;
			buildSettings = {
				ASSETCATALOG_COMPILER_APPICON_NAME = AppIcon;
				CODE_SIGN_STYLE = Automatic;
				DEVELOPMENT_TEAM = FATE3AU2ZJ;
				INFOPLIST_FILE = RecipeSearchApp/Info.plist;
				LD_RUNPATH_SEARCH_PATHS = (
					"$(inherited)",
					"@executable_path/Frameworks",
				);
				PRODUCT_BUNDLE_IDENTIFIER = APS.RecipeSearchApp;
				PRODUCT_NAME = "$(TARGET_NAME)";
				SWIFT_VERSION = 4.2;
				TARGETED_DEVICE_FAMILY = "1,2";
			};
			name = Release;
		};
/* End XCBuildConfiguration section */

/* Begin XCConfigurationList section */
		AE360A61246410CF00091C0E /* Build configuration list for PBXProject "RecipeSearchApp" */ = {
			isa = XCConfigurationList;
			buildConfigurations = (
				AE360A78246410D000091C0E /* Debug */,
				AE360A79246410D000091C0E /* Release */,
			);
			defaultConfigurationIsVisible = 0;
			defaultConfigurationName = Release;
		};
		AE360A7A246410D000091C0E /* Build configuration list for PBXNativeTarget "RecipeSearchApp" */ = {
			isa = XCConfigurationList;
			buildConfigurations = (
				AE360A7B246410D000091C0E /* Debug */,
				AE360A7C246410D000091C0E /* Release */,
			);
			defaultConfigurationIsVisible = 0;
			defaultConfigurationName = Release;
		};
/* End XCConfigurationList section */
	};
	rootObject = AE360A5E246410CF00091C0E /* Project object */;
}
